
Microsoft Visual Studio Solution File, Format Version 12.00
# Visual Studio 2012
Project("{FAE04EC0-301F-11D3-BF4B-00C04F79EFBC}") = "XNAPunk", "XNAPunk\XNAPunk.csproj", "{6ECF97D5-6DE6-448F-964B-19B457FBDAFB}"
EndProject
Global
	GlobalSection(SolutionConfigurationPlatforms) = preSolution
		Debug|Windows Phone = Debug|Windows Phone
		Release|Windows Phone = Release|Windows Phone
	EndGlobalSection
	GlobalSection(ProjectConfigurationPlatforms) = postSolution
		{6ECF97D5-6DE6-448F-964B-19B457FBDAFB}.Debug|Windows Phone.ActiveCfg = Debug|Windows Phone
		{6ECF97D5-6DE6-448F-964B-19B457FBDAFB}.Debug|Windows Phone.Build.0 = Debug|Windows Phone
		{6ECF97D5-6DE6-448F-964B-19B457FBDAFB}.Release|Windows Phone.ActiveCfg = Release|Windows Phone
		{6ECF97D5-6DE6-448F-964B-19B457FBDAFB}.Release|Windows Phone.Build.0 = Release|Windows Phone
	EndGlobalSection
	GlobalSection(SolutionProperties) = preSolution
		HideSolutionNode = FALSE
	EndGlobalSection
EndGlobal
